{
    "name": "doctorwhoapi",
    "license": "MIT",
    "description": "API of Doctor Who Episodes and more",
    "version": "1.0.0",
    "main": "src/index.js",
    "keywords": [
      "doctor-who",
      "api",
      "dw",
      "dw-episodes"
    ],
    "author": "HenriqueBarucco",
    "scripts": {
        "dev": "nodemon ./src/index",
        "start": "node ./src/index",
        "test": "jest",
        "compile": "tsc"
    },
    "engines": {
        "node": ">= 16.13.",
        "npm": ">= 8.9.0"
    },
    "type": "module"
  }
  